<?xml version="1.0" encoding="utf-8"?>
<Project ToolsVersion="4.0" xmlns="http://schemas.microsoft.com/developer/msbuild/2003">
  <ItemGroup>
    <Filter Include="Framework">
      <UniqueIdentifier>{8db269b7-bf5b-433a-ae81-73caa024ba8f}</UniqueIdentifier>
    </Filter>
    <Filter Include="Framework\System">
      <UniqueIdentifier>{af1eec32-71dc-471b-b73d-c64e7df33ff1}</UniqueIdentifier>
    </Filter>
    <Filter Include="Framework\System\Data">
      <UniqueIdentifier>{ec90f357-2c24-402a-a2fc-363e8aefe7d2}</UniqueIdentifier>
    </Filter>
    <Filter Include="Framework\Manager">
      <UniqueIdentifier>{903c8605-4bff-46f2-b051-1e9246a9128e}</UniqueIdentifier>
    </Filter>
    <Filter Include="Framework\Graphics">
      <UniqueIdentifier>{06046781-5474-492b-b273-08acc55670db}</UniqueIdentifier>
    </Filter>
    <Filter Include="Framework\Graphics\Texture">
      <UniqueIdentifier>{0cbc688c-2f74-404c-9e56-f94e6f22d447}</UniqueIdentifier>
    </Filter>
    <Filter Include="Framework\Graphics\Text">
      <UniqueIdentifier>{34bba1f5-1418-4264-8aad-823015d0ddfd}</UniqueIdentifier>
    </Filter>
    <Filter Include="Framework\Graphics\Objects">
      <UniqueIdentifier>{9fdd3434-3daa-4325-a9ae-4cedefd4b3d3}</UniqueIdentifier>
    </Filter>
    <Filter Include="Framework\Audio">
      <UniqueIdentifier>{6c53b146-7741-40f9-824b-ee81026ffb3f}</UniqueIdentifier>
    </Filter>
    <Filter Include="Scene">
      <UniqueIdentifier>{7b0b06dd-47a9-4a39-bbc6-9664b78548a5}</UniqueIdentifier>
    </Filter>
    <Filter Include="Scene\Scenes">
      <UniqueIdentifier>{317ff001-83f9-478c-92f7-d8ba91138583}</UniqueIdentifier>
    </Filter>
    <Filter Include="Scene\GameObjects">
      <UniqueIdentifier>{1722001a-f49f-43b3-be35-71e5b4d6f8b0}</UniqueIdentifier>
    </Filter>
    <Filter Include="Framework\Assets">
      <UniqueIdentifier>{92810a1f-d223-430c-aa79-43a1c9435178}</UniqueIdentifier>
    </Filter>
    <Filter Include="Scene\VoxelTerrain">
      <UniqueIdentifier>{de71abc2-a071-4e45-89b1-bcce2d10c559}</UniqueIdentifier>
    </Filter>
    <Filter Include="Framework\Shader">
      <UniqueIdentifier>{a9a22140-7aac-4a52-a893-c31f04d47177}</UniqueIdentifier>
    </Filter>
    <Filter Include="Framework\Shader\HLSL Shader Files">
      <UniqueIdentifier>{67DA6AB6-F800-4c08-8B7A-83BB121AAD01}</UniqueIdentifier>
      <Extensions>rc;ico;cur;bmp;dlg;rc2;rct;bin;rgs;gif;jpg;jpeg;jpe;resx;tiff;tif;png;wav;mfcribbon-ms</Extensions>
    </Filter>
    <Filter Include="Framework\Shader\HLSL Shader Files\Cloud">
      <UniqueIdentifier>{571c4953-68a7-4a27-8cb7-da5fdf97ce5f}</UniqueIdentifier>
    </Filter>
    <Filter Include="Framework\Shader\HLSL Shader Files\Fire">
      <UniqueIdentifier>{c946d1b6-2954-4ac0-915e-e2ffb7e70f15}</UniqueIdentifier>
    </Filter>
    <Filter Include="Framework\Shader\HLSL Shader Files\Font">
      <UniqueIdentifier>{1a3d32f0-17ca-4156-9288-bdb317b26306}</UniqueIdentifier>
    </Filter>
    <Filter Include="Framework\Shader\HLSL Shader Files\Light">
      <UniqueIdentifier>{160915ec-78a6-4f91-85e6-365207a81b29}</UniqueIdentifier>
    </Filter>
    <Filter Include="Framework\Shader\HLSL Shader Files\Ocean">
      <UniqueIdentifier>{f27a9d56-b371-4938-a0ad-e7fe4b1233e9}</UniqueIdentifier>
    </Filter>
    <Filter Include="Framework\Shader\HLSL Shader Files\SkySphere">
      <UniqueIdentifier>{61c12df0-450d-4309-96d3-6d568ad2cf5a}</UniqueIdentifier>
    </Filter>
    <Filter Include="Framework\Shader\HLSL Shader Files\Terrain">
      <UniqueIdentifier>{f76930ad-863a-47eb-a550-4fb5f954032f}</UniqueIdentifier>
    </Filter>
    <Filter Include="Framework\Shader\HLSL Shader Files\Texture">
      <UniqueIdentifier>{d43ebb08-4d43-4448-9566-da3ad7425ede}</UniqueIdentifier>
    </Filter>
    <Filter Include="Framework\Shader\HLSL Shader Files\Colour">
      <UniqueIdentifier>{4184daf3-2447-4c8d-b7be-4ed2811cc913}</UniqueIdentifier>
    </Filter>
    <Filter Include="Framework\Shader\Shaders">
      <UniqueIdentifier>{f7661ea1-ddd1-41fe-a735-2f29e3a62935}</UniqueIdentifier>
    </Filter>
    <Filter Include="Framework\Shader\HLSL Shader Files\InstancedLight">
      <UniqueIdentifier>{4d195ff8-fa6e-4655-9273-fcca63fd7607}</UniqueIdentifier>
    </Filter>
    <Filter Include="Framework\Noise">
      <UniqueIdentifier>{450adb5e-10df-4614-a8fd-2434304b7da3}</UniqueIdentifier>
    </Filter>
    <Filter Include="Scene\VoxelTerrain\Managers">
      <UniqueIdentifier>{5eba4f86-008d-4b9c-ac78-3defc8dfa236}</UniqueIdentifier>
    </Filter>
  </ItemGroup>
  <ItemGroup>
    <ClCompile Include="Main.cpp" />
    <ClCompile Include="AudioTrigger.cpp">
      <Filter>Framework\Audio</Filter>
    </ClCompile>
    <ClCompile Include="DirectSound.cpp">
      <Filter>Framework\Audio</Filter>
    </ClCompile>
    <ClCompile Include="ShaderManager.cpp">
      <Filter>Framework\Manager</Filter>
    </ClCompile>
    <ClCompile Include="Font.cpp">
      <Filter>Framework\Graphics\Text</Filter>
    </ClCompile>
    <ClCompile Include="Text.cpp">
      <Filter>Framework\Graphics\Text</Filter>
    </ClCompile>
    <ClCompile Include="GameShader.cpp">
      <Filter>Framework\Shader</Filter>
    </ClCompile>
    <ClCompile Include="Interpolator.cpp">
      <Filter>Framework\System</Filter>
    </ClCompile>
    <ClCompile Include="Utilities.cpp">
      <Filter>Framework\System</Filter>
    </ClCompile>
    <ClCompile Include="Camera.cpp">
      <Filter>Scene\GameObjects</Filter>
    </ClCompile>
    <ClCompile Include="Light.cpp">
      <Filter>Scene\GameObjects</Filter>
    </ClCompile>
    <ClCompile Include="Terrain.cpp">
      <Filter>Scene\GameObjects</Filter>
    </ClCompile>
    <ClCompile Include="PerformanceManager.cpp">
      <Filter>Framework\Manager</Filter>
    </ClCompile>
    <ClCompile Include="InputManager.cpp">
      <Filter>Framework\Manager</Filter>
    </ClCompile>
    <ClCompile Include="DirectXManager.cpp">
      <Filter>Framework\Manager</Filter>
    </ClCompile>
    <ClCompile Include="WindowManager.cpp">
      <Filter>Framework\Manager</Filter>
    </ClCompile>
    <ClCompile Include="ApplicationManager.cpp">
      <Filter>Framework\Manager</Filter>
    </ClCompile>
    <ClCompile Include="Texture.cpp">
      <Filter>Framework\Graphics\Texture</Filter>
    </ClCompile>
    <ClCompile Include="ConstantBuffer.cpp">
      <Filter>Framework\Shader</Filter>
    </ClCompile>
    <ClCompile Include="AssetManager.cpp">
      <Filter>Framework\Manager</Filter>
    </ClCompile>
    <ClCompile Include="AudioClip.cpp">
      <Filter>Framework\Audio</Filter>
    </ClCompile>
    <ClCompile Include="Clouds.cpp">
      <Filter>Scene\GameObjects</Filter>
    </ClCompile>
    <ClCompile Include="Fire.cpp">
      <Filter>Scene\GameObjects</Filter>
    </ClCompile>
    <ClCompile Include="ParticleSystem.cpp">
      <Filter>Scene\GameObjects</Filter>
    </ClCompile>
    <ClCompile Include="SkySphere.cpp">
      <Filter>Scene\GameObjects</Filter>
    </ClCompile>
    <ClCompile Include="OBJLoader.cpp">
      <Filter>Framework\Assets</Filter>
    </ClCompile>
    <ClCompile Include="TXTLoader.cpp">
      <Filter>Framework\Assets</Filter>
    </ClCompile>
    <ClCompile Include="TerrainFactory.cpp">
      <Filter>Framework\Assets</Filter>
    </ClCompile>
    <ClCompile Include="PrimitiveFactory.cpp">
      <Filter>Framework\Assets</Filter>
    </ClCompile>
    <ClCompile Include="GameObject.cpp">
      <Filter>Framework\Graphics\Objects</Filter>
    </ClCompile>
    <ClCompile Include="Material.cpp">
      <Filter>Framework\Graphics\Objects</Filter>
    </ClCompile>
    <ClCompile Include="Mesh3D.cpp">
      <Filter>Framework\Graphics\Objects</Filter>
    </ClCompile>
    <ClCompile Include="Model.cpp">
      <Filter>Framework\Graphics\Objects</Filter>
    </ClCompile>
    <ClCompile Include="Sprite.cpp">
      <Filter>Framework\Graphics\Objects</Filter>
    </ClCompile>
    <ClCompile Include="Transform.cpp">
      <Filter>Framework\Graphics\Objects</Filter>
    </ClCompile>
    <ClCompile Include="Block.cpp">
      <Filter>Scene\VoxelTerrain</Filter>
    </ClCompile>
    <ClCompile Include="Chunk.cpp">
      <Filter>Scene\VoxelTerrain</Filter>
    </ClCompile>
    <ClCompile Include="ViewFrustumManager.cpp">
      <Filter>Framework\Manager</Filter>
    </ClCompile>
    <ClCompile Include="CloudShader.cpp">
      <Filter>Framework\Shader\Shaders</Filter>
    </ClCompile>
    <ClCompile Include="ColourShader.cpp">
      <Filter>Framework\Shader\Shaders</Filter>
    </ClCompile>
    <ClCompile Include="FireShader.cpp">
      <Filter>Framework\Shader\Shaders</Filter>
    </ClCompile>
    <ClCompile Include="LightShader.cpp">
      <Filter>Framework\Shader\Shaders</Filter>
    </ClCompile>
    <ClCompile Include="SkyShader.cpp">
      <Filter>Framework\Shader\Shaders</Filter>
    </ClCompile>
    <ClCompile Include="TerrainShader.cpp">
      <Filter>Framework\Shader\Shaders</Filter>
    </ClCompile>
    <ClCompile Include="TerrainReflectionShader.cpp">
      <Filter>Framework\Shader\Shaders</Filter>
    </ClCompile>
    <ClCompile Include="TextureShader.cpp">
      <Filter>Framework\Shader\Shaders</Filter>
    </ClCompile>
    <ClCompile Include="Ocean.cpp">
      <Filter>Scene\GameObjects</Filter>
    </ClCompile>
    <ClCompile Include="FontShader.cpp">
      <Filter>Framework\Shader\Shaders</Filter>
    </ClCompile>
    <ClCompile Include="InstancedLightShader.cpp">
      <Filter>Framework\Shader\Shaders</Filter>
    </ClCompile>
    <ClCompile Include="InstancedGameObject.cpp">
      <Filter>Framework\Graphics\Objects</Filter>
    </ClCompile>
    <ClCompile Include="OceanShader.cpp">
      <Filter>Framework\Shader\Shaders</Filter>
    </ClCompile>
    <ClCompile Include="MinecraftScene.cpp">
      <Filter>Scene\Scenes</Filter>
    </ClCompile>
    <ClCompile Include="LoadingScene.cpp">
      <Filter>Scene\Scenes</Filter>
    </ClCompile>
    <ClCompile Include="PerlinNoise.cpp">
      <Filter>Framework\Noise</Filter>
    </ClCompile>
    <ClCompile Include="SimplexNoise.cpp">
      <Filter>Framework\Noise</Filter>
    </ClCompile>
    <ClCompile Include="VoxelWorld.cpp">
      <Filter>Scene\VoxelTerrain</Filter>
    </ClCompile>
    <ClCompile Include="BlockManager.cpp">
      <Filter>Scene\VoxelTerrain\Managers</Filter>
    </ClCompile>
    <ClCompile Include="ChunkColumn.cpp">
      <Filter>Scene\VoxelTerrain</Filter>
    </ClCompile>
    <ClCompile Include="Player.cpp">
      <Filter>Scene\GameObjects</Filter>
    </ClCompile>
    <ClCompile Include="Config.cpp">
      <Filter>Framework\System</Filter>
    </ClCompile>
  </ItemGroup>
  <ItemGroup>
    <ClInclude Include="Singleton.h">
      <Filter>Framework\System</Filter>
    </ClInclude>
    <ClInclude Include="Interpolator.h">
      <Filter>Framework\System</Filter>
    </ClInclude>
    <ClInclude Include="DirectSound.h">
      <Filter>Framework\Audio</Filter>
    </ClInclude>
    <ClInclude Include="AudioTrigger.h">
      <Filter>Framework\Audio</Filter>
    </ClInclude>
    <ClInclude Include="Utilities.h">
      <Filter>Framework\System</Filter>
    </ClInclude>
    <ClInclude Include="ShaderManager.h">
      <Filter>Framework\Manager</Filter>
    </ClInclude>
    <ClInclude Include="Text.h">
      <Filter>Framework\Graphics\Text</Filter>
    </ClInclude>
    <ClInclude Include="Font.h">
      <Filter>Framework\Graphics\Text</Filter>
    </ClInclude>
    <ClInclude Include="GameShader.h">
      <Filter>Framework\Shader</Filter>
    </ClInclude>
    <ClInclude Include="ConstantBuffer.h">
      <Filter>Framework\Shader</Filter>
    </ClInclude>
    <ClInclude Include="ShaderBuffers.h">
      <Filter>Framework\Shader</Filter>
    </ClInclude>
    <ClInclude Include="Camera.h">
      <Filter>Scene\GameObjects</Filter>
    </ClInclude>
    <ClInclude Include="Light.h">
      <Filter>Scene\GameObjects</Filter>
    </ClInclude>
    <ClInclude Include="Terrain.h">
      <Filter>Scene\GameObjects</Filter>
    </ClInclude>
    <ClInclude Include="PerformanceManager.h">
      <Filter>Framework\Manager</Filter>
    </ClInclude>
    <ClInclude Include="InputManager.h">
      <Filter>Framework\Manager</Filter>
    </ClInclude>
    <ClInclude Include="DirectXManager.h">
      <Filter>Framework\Manager</Filter>
    </ClInclude>
    <ClInclude Include="WindowManager.h">
      <Filter>Framework\Manager</Filter>
    </ClInclude>
    <ClInclude Include="ApplicationManager.h">
      <Filter>Framework\Manager</Filter>
    </ClInclude>
    <ClInclude Include="AssetManager.h">
      <Filter>Framework\Manager</Filter>
    </ClInclude>
    <ClInclude Include="Texture.h">
      <Filter>Framework\Graphics\Texture</Filter>
    </ClInclude>
    <ClInclude Include="Vector2.h">
      <Filter>Framework\System\Data</Filter>
    </ClInclude>
    <ClInclude Include="Vector3.h">
      <Filter>Framework\System\Data</Filter>
    </ClInclude>
    <ClInclude Include="BoundingBox.h">
      <Filter>Framework\System\Data</Filter>
    </ClInclude>
    <ClInclude Include="Rect.h">
      <Filter>Framework\System\Data</Filter>
    </ClInclude>
    <ClInclude Include="WaveHeader.h">
      <Filter>Framework\System\Data</Filter>
    </ClInclude>
    <ClInclude Include="AudioClip.h">
      <Filter>Framework\Audio</Filter>
    </ClInclude>
    <ClInclude Include="VertexData.h">
      <Filter>Framework\System\Data</Filter>
    </ClInclude>
    <ClInclude Include="Clouds.h">
      <Filter>Scene\GameObjects</Filter>
    </ClInclude>
    <ClInclude Include="Fire.h">
      <Filter>Scene\GameObjects</Filter>
    </ClInclude>
    <ClInclude Include="ParticleSystem.h">
      <Filter>Scene\GameObjects</Filter>
    </ClInclude>
    <ClInclude Include="SkySphere.h">
      <Filter>Scene\GameObjects</Filter>
    </ClInclude>
    <ClInclude Include="OBJLoader.h">
      <Filter>Framework\Assets</Filter>
    </ClInclude>
    <ClInclude Include="TXTLoader.h">
      <Filter>Framework\Assets</Filter>
    </ClInclude>
    <ClInclude Include="TerrainFactory.h">
      <Filter>Framework\Assets</Filter>
    </ClInclude>
    <ClInclude Include="PrimitiveFactory.h">
      <Filter>Framework\Assets</Filter>
    </ClInclude>
    <ClInclude Include="GameObject.h">
      <Filter>Framework\Graphics\Objects</Filter>
    </ClInclude>
    <ClInclude Include="Material.h">
      <Filter>Framework\Graphics\Objects</Filter>
    </ClInclude>
    <ClInclude Include="Mesh3D.h">
      <Filter>Framework\Graphics\Objects</Filter>
    </ClInclude>
    <ClInclude Include="Model.h">
      <Filter>Framework\Graphics\Objects</Filter>
    </ClInclude>
    <ClInclude Include="Sprite.h">
      <Filter>Framework\Graphics\Objects</Filter>
    </ClInclude>
    <ClInclude Include="Transform.h">
      <Filter>Framework\Graphics\Objects</Filter>
    </ClInclude>
    <ClInclude Include="Chunk.h">
      <Filter>Scene\VoxelTerrain</Filter>
    </ClInclude>
    <ClInclude Include="Block.h">
      <Filter>Scene\VoxelTerrain</Filter>
    </ClInclude>
    <ClInclude Include="ViewFrustumManager.h">
      <Filter>Framework\Manager</Filter>
    </ClInclude>
    <ClInclude Include="CloudShader.h">
      <Filter>Framework\Shader\Shaders</Filter>
    </ClInclude>
    <ClInclude Include="ColourShader.h">
      <Filter>Framework\Shader\Shaders</Filter>
    </ClInclude>
    <ClInclude Include="FireShader.h">
      <Filter>Framework\Shader\Shaders</Filter>
    </ClInclude>
    <ClInclude Include="LightShader.h">
      <Filter>Framework\Shader\Shaders</Filter>
    </ClInclude>
    <ClInclude Include="SkyShader.h">
      <Filter>Framework\Shader\Shaders</Filter>
    </ClInclude>
    <ClInclude Include="TerrainShader.h">
      <Filter>Framework\Shader\Shaders</Filter>
    </ClInclude>
    <ClInclude Include="TerrainReflectionShader.h">
      <Filter>Framework\Shader\Shaders</Filter>
    </ClInclude>
    <ClInclude Include="TextureShader.h">
      <Filter>Framework\Shader\Shaders</Filter>
    </ClInclude>
    <ClInclude Include="Ocean.h">
      <Filter>Scene\GameObjects</Filter>
    </ClInclude>
    <ClInclude Include="FontShader.h">
      <Filter>Framework\Shader\Shaders</Filter>
    </ClInclude>
    <ClInclude Include="InstancedLightShader.h">
      <Filter>Framework\Shader\Shaders</Filter>
    </ClInclude>
    <ClInclude Include="InstancedGameObject.h">
      <Filter>Framework\Graphics\Objects</Filter>
    </ClInclude>
    <ClInclude Include="OceanShader.h">
      <Filter>Framework\Shader\Shaders</Filter>
    </ClInclude>
    <ClInclude Include="GameScene.h">
      <Filter>Scene\Scenes</Filter>
    </ClInclude>
    <ClInclude Include="MinecraftScene.h">
      <Filter>Scene\Scenes</Filter>
    </ClInclude>
    <ClInclude Include="LoadingScene.h">
      <Filter>Scene\Scenes</Filter>
    </ClInclude>
    <ClInclude Include="PerlinNoise.h">
      <Filter>Framework\Noise</Filter>
    </ClInclude>
    <ClInclude Include="SimplexNoise.h">
      <Filter>Framework\Noise</Filter>
    </ClInclude>
    <ClInclude Include="VoxelWorld.h">
      <Filter>Scene\VoxelTerrain</Filter>
    </ClInclude>
    <ClInclude Include="BlockManager.h">
      <Filter>Scene\VoxelTerrain\Managers</Filter>
    </ClInclude>
    <ClInclude Include="TerrainLayer.h">
      <Filter>Scene\VoxelTerrain</Filter>
    </ClInclude>
    <ClInclude Include="ChunkColumn.h">
      <Filter>Scene\VoxelTerrain</Filter>
    </ClInclude>
    <ClInclude Include="Player.h">
      <Filter>Scene\GameObjects</Filter>
    </ClInclude>
    <ClInclude Include="Config.h">
      <Filter>Framework\System</Filter>
    </ClInclude>
    <ClInclude Include="VirtualKeys.h">
      <Filter>Framework\System</Filter>
    </ClInclude>
  </ItemGroup>
  <ItemGroup>
    <None Include="Data\Shaders\cloud.ps">
      <Filter>Framework\Shader\HLSL Shader Files\Cloud</Filter>
    </None>
    <None Include="Data\Shaders\cloud.vs">
      <Filter>Framework\Shader\HLSL Shader Files\Cloud</Filter>
    </None>
    <None Include="Data\Shaders\fire.ps">
      <Filter>Framework\Shader\HLSL Shader Files\Fire</Filter>
    </None>
    <None Include="Data\Shaders\fire.vs">
      <Filter>Framework\Shader\HLSL Shader Files\Fire</Filter>
    </None>
    <None Include="Data\Shaders\font.ps">
      <Filter>Framework\Shader\HLSL Shader Files\Font</Filter>
    </None>
    <None Include="Data\Shaders\font.vs">
      <Filter>Framework\Shader\HLSL Shader Files\Font</Filter>
    </None>
    <None Include="Data\Shaders\light.ps">
      <Filter>Framework\Shader\HLSL Shader Files\Light</Filter>
    </None>
    <None Include="Data\Shaders\light.vs">
      <Filter>Framework\Shader\HLSL Shader Files\Light</Filter>
    </None>
    <None Include="Data\Shaders\ocean.ds">
      <Filter>Framework\Shader\HLSL Shader Files\Ocean</Filter>
    </None>
    <None Include="Data\Shaders\ocean.hs">
      <Filter>Framework\Shader\HLSL Shader Files\Ocean</Filter>
    </None>
    <None Include="Data\Shaders\ocean.ps">
      <Filter>Framework\Shader\HLSL Shader Files\Ocean</Filter>
    </None>
    <None Include="Data\Shaders\ocean.vs">
      <Filter>Framework\Shader\HLSL Shader Files\Ocean</Filter>
    </None>
    <None Include="Data\Shaders\skysphere.ps">
      <Filter>Framework\Shader\HLSL Shader Files\SkySphere</Filter>
    </None>
    <None Include="Data\Shaders\skysphere.vs">
      <Filter>Framework\Shader\HLSL Shader Files\SkySphere</Filter>
    </None>
    <None Include="Data\Shaders\terrain.ps">
      <Filter>Framework\Shader\HLSL Shader Files\Terrain</Filter>
    </None>
    <None Include="Data\Shaders\terrain.vs">
      <Filter>Framework\Shader\HLSL Shader Files\Terrain</Filter>
    </None>
    <None Include="Data\Shaders\terrainreflection.ps">
      <Filter>Framework\Shader\HLSL Shader Files\Terrain</Filter>
    </None>
    <None Include="Data\Shaders\terrainreflection.vs">
      <Filter>Framework\Shader\HLSL Shader Files\Terrain</Filter>
    </None>
    <None Include="Data\Shaders\texture.ps">
      <Filter>Framework\Shader\HLSL Shader Files\Texture</Filter>
    </None>
    <None Include="Data\Shaders\texture.vs">
      <Filter>Framework\Shader\HLSL Shader Files\Texture</Filter>
    </None>
    <None Include="Data\Shaders\colour.ps">
      <Filter>Framework\Shader\HLSL Shader Files\Colour</Filter>
    </None>
    <None Include="Data\Shaders\colour.vs">
      <Filter>Framework\Shader\HLSL Shader Files\Colour</Filter>
    </None>
    <None Include="Data\Shaders\instancedlight.ps">
      <Filter>Framework\Shader\HLSL Shader Files\InstancedLight</Filter>
    </None>
    <None Include="Data\Shaders\instancedlight.vs">
      <Filter>Framework\Shader\HLSL Shader Files\InstancedLight</Filter>
    </None>
  </ItemGroup>
</Project>